
Microsoft Visual Studio Solution File, Format Version 12.00
# Visual Studio Version 16
VisualStudioVersion = 16.0.31321.278
MinimumVisualStudioVersion = 10.0.40219.1
Project("{FAE04EC0-301F-11D3-BF4B-00C04F79EFBC}") = "app2 Giovanni", "app2 Giovanni\app2 Giovanni.csproj", "{CBDD4130-ED27-4299-A0E7-D3ABA16A3DB8}"
EndProject
Global
	GlobalSection(SolutionConfigurationPlatforms) = preSolution
		Debug|Any CPU = Debug|Any CPU
		Release|Any CPU = Release|Any CPU
	EndGlobalSection
	GlobalSection(ProjectConfigurationPlatforms) = postSolution
		{CBDD4130-ED27-4299-A0E7-D3ABA16A3DB8}.Debug|Any CPU.ActiveCfg = Debug|Any CPU
		{CBDD4130-ED27-4299-A0E7-D3ABA16A3DB8}.Debug|Any CPU.Build.0 = Debug|Any CPU
		{CBDD4130-ED27-4299-A0E7-D3ABA16A3DB8}.Release|Any CPU.ActiveCfg = Release|Any CPU
		{CBDD4130-ED27-4299-A0E7-D3ABA16A3DB8}.Release|Any CPU.Build.0 = Release|Any CPU
	EndGlobalSection
	GlobalSection(SolutionProperties) = preSolution
		HideSolutionNode = FALSE
	EndGlobalSection
	GlobalSection(ExtensibilityGlobals) = postSolution
		SolutionGuid = {5C3B2517-0F7C-4F3D-8E30-F474D6401053}
	EndGlobalSection
EndGlobal
